<?xml version="1.0" encoding="utf-8"?>
<Project ToolsVersion="4.0" xmlns="http://schemas.microsoft.com/developer/msbuild/2003">
  <ItemGroup>
    <Filter Include="Header Files">
      <UniqueIdentifier>{21EB8090-0D4E-1035-B6D3-48EBA215DCB7}</UniqueIdentifier>
    </Filter>
    <Filter Include="Source Files">
      <UniqueIdentifier>{E9C7FDCE-D52A-8D73-7EB0-C5296AF258F6}</UniqueIdentifier>
    </Filter>
    <Filter Include="Header Files\Screens">
      <UniqueIdentifier>{e4c380d4-12a0-4ef3-9e91-66b2bd451399}</UniqueIdentifier>
    </Filter>
    <Filter Include="Source Files\Screens">
      <UniqueIdentifier>{dddb522e-542e-4b5b-86e8-ccb2d30d969a}</UniqueIdentifier>
    </Filter>
    <Filter Include="Header Files\Managers">
      <UniqueIdentifier>{6b50d4af-c8f9-4859-9801-3b6908532801}</UniqueIdentifier>
    </Filter>
    <Filter Include="Source Files\Managers">
      <UniqueIdentifier>{e3cf03fe-9dab-492b-9c20-79b447527379}</UniqueIdentifier>
    </Filter>
    <Filter Include="Source Files\Support">
      <UniqueIdentifier>{3b30e6b7-3551-4e04-8833-de57c91fd4bb}</UniqueIdentifier>
    </Filter>
  </ItemGroup>
  <ItemGroup>
    <ClInclude Include="Screen_logo.h">
      <Filter>Header Files\Screens</Filter>
    </ClInclude>
    <ClInclude Include="Screen_title.h">
      <Filter>Header Files\Screens</Filter>
    </ClInclude>
    <ClInclude Include="Screen_options.h">
      <Filter>Header Files\Screens</Filter>
    </ClInclude>
    <ClInclude Include="Screen_ending.h">
      <Filter>Header Files\Screens</Filter>
    </ClInclude>
    <ClInclude Include="Screen_gameplay.h">
      <Filter>Header Files\Screens</Filter>
    </ClInclude>
    <ClInclude Include="Screen_loading.h">
      <Filter>Header Files\Screens</Filter>
    </ClInclude>
    <ClInclude Include="Screen_gameplay2.h">
      <Filter>Header Files\Screens</Filter>
    </ClInclude>
    <ClInclude Include="Screen_gameplay3.h">
      <Filter>Header Files\Screens</Filter>
    </ClInclude>
    <ClInclude Include="AudioManager.h">
      <Filter>Header Files\Managers</Filter>
    </ClInclude>
    <ClInclude Include="GameManager.h">
      <Filter>Header Files\Managers</Filter>
    </ClInclude>
    <ClInclude Include="ImageManager.h">
      <Filter>Header Files\Managers</Filter>
    </ClInclude>
    <ClInclude Include="LevelManager.h">
      <Filter>Header Files\Managers</Filter>
    </ClInclude>
    <ClInclude Include="MeshManager.h">
      <Filter>Header Files\Managers</Filter>
    </ClInclude>
    <ClInclude Include="TextureManager.h">
      <Filter>Header Files\Managers</Filter>
    </ClInclude>
    <ClInclude Include="ModelManager.h">
      <Filter>Header Files\Managers</Filter>
    </ClInclude>
  </ItemGroup>
  <ItemGroup>
    <ClCompile Include="Screen_logo.cpp">
      <Filter>Source Files\Screens</Filter>
    </ClCompile>
    <ClCompile Include="Screen_title.cpp">
      <Filter>Source Files\Screens</Filter>
    </ClCompile>
    <ClCompile Include="Screen_options.cpp">
      <Filter>Source Files\Screens</Filter>
    </ClCompile>
    <ClCompile Include="Screen_ending.cpp">
      <Filter>Source Files\Screens</Filter>
    </ClCompile>
    <ClCompile Include="Screen_gameplay.cpp">
      <Filter>Source Files\Screens</Filter>
    </ClCompile>
    <ClCompile Include="Screen_loading.cpp">
      <Filter>Source Files\Screens</Filter>
    </ClCompile>
    <ClCompile Include="Screen_gameplay3.cpp">
      <Filter>Source Files\Screens</Filter>
    </ClCompile>
    <ClCompile Include="Screen_gameplay2.cpp">
      <Filter>Source Files\Screens</Filter>
    </ClCompile>
    <ClCompile Include="Maze3D.cpp">
      <Filter>Source Files</Filter>
    </ClCompile>
    <ClCompile Include="AudioManager.cpp">
      <Filter>Source Files\Managers</Filter>
    </ClCompile>
    <ClCompile Include="GameManager.cpp">
      <Filter>Source Files\Managers</Filter>
    </ClCompile>
    <ClCompile Include="ImageManager.cpp">
      <Filter>Source Files\Managers</Filter>
    </ClCompile>
    <ClCompile Include="LevelManager.cpp">
      <Filter>Source Files\Managers</Filter>
    </ClCompile>
    <ClCompile Include="MeshManager.cpp">
      <Filter>Source Files\Managers</Filter>
    </ClCompile>
    <ClCompile Include="TextureManager.cpp">
      <Filter>Source Files\Managers</Filter>
    </ClCompile>
    <ClCompile Include="ModelManager.cpp">
      <Filter>Source Files\Managers</Filter>
    </ClCompile>
  </ItemGroup>
</Project>